
Microsoft Visual Studio Solution File, Format Version 12.00
# Visual Studio 15
VisualStudioVersion = 15.0.27004.2002
MinimumVisualStudioVersion = 10.0.40219.1
Project("{FAE04EC0-301F-11D3-BF4B-00C04F79EFBC}") = "WpfApp6", "WpfApp6\WpfApp6.csproj", "{CF011C87-0A36-4825-A14F-B35A641B8514}"
EndProject
Global
	GlobalSection(SolutionConfigurationPlatforms) = preSolution
		Debug|Any CPU = Debug|Any CPU
		Release|Any CPU = Release|Any CPU
	EndGlobalSection
	GlobalSection(ProjectConfigurationPlatforms) = postSolution
		{CF011C87-0A36-4825-A14F-B35A641B8514}.Debug|Any CPU.ActiveCfg = Debug|Any CPU
		{CF011C87-0A36-4825-A14F-B35A641B8514}.Debug|Any CPU.Build.0 = Debug|Any CPU
		{CF011C87-0A36-4825-A14F-B35A641B8514}.Release|Any CPU.ActiveCfg = Release|Any CPU
		{CF011C87-0A36-4825-A14F-B35A641B8514}.Release|Any CPU.Build.0 = Release|Any CPU
	EndGlobalSection
	GlobalSection(SolutionProperties) = preSolution
		HideSolutionNode = FALSE
	EndGlobalSection
	GlobalSection(ExtensibilityGlobals) = postSolution
		SolutionGuid = {59F3F87F-5020-4A55-AB05-5309B48C1084}
	EndGlobalSection
EndGlobal
