
Microsoft Visual Studio Solution File, Format Version 12.00
# Visual Studio 15
VisualStudioVersion = 15.0.27004.2002
MinimumVisualStudioVersion = 10.0.40219.1
Project("{FAE04EC0-301F-11D3-BF4B-00C04F79EFBC}") = "ConsoleApp15", "ConsoleApp15\ConsoleApp15.csproj", "{35981C7C-4836-4D3A-9D53-D81F94B7BAF8}"
EndProject
Global
	GlobalSection(SolutionConfigurationPlatforms) = preSolution
		Debug|Any CPU = Debug|Any CPU
		Release|Any CPU = Release|Any CPU
	EndGlobalSection
	GlobalSection(ProjectConfigurationPlatforms) = postSolution
		{35981C7C-4836-4D3A-9D53-D81F94B7BAF8}.Debug|Any CPU.ActiveCfg = Debug|Any CPU
		{35981C7C-4836-4D3A-9D53-D81F94B7BAF8}.Debug|Any CPU.Build.0 = Debug|Any CPU
		{35981C7C-4836-4D3A-9D53-D81F94B7BAF8}.Release|Any CPU.ActiveCfg = Release|Any CPU
		{35981C7C-4836-4D3A-9D53-D81F94B7BAF8}.Release|Any CPU.Build.0 = Release|Any CPU
	EndGlobalSection
	GlobalSection(SolutionProperties) = preSolution
		HideSolutionNode = FALSE
	EndGlobalSection
	GlobalSection(ExtensibilityGlobals) = postSolution
		SolutionGuid = {E8EC0E58-6E95-46DF-958C-0A8B770298D5}
	EndGlobalSection
EndGlobal
